
Microsoft Visual Studio Solution File, Format Version 12.00
Project("{FAE04EC0-301F-11D3-BF4B-00C04F79EFBC}") = "Laba2", "Laba2\Laba2.csproj", "{53662135-A06F-4E35-B284-C3212D88254B}"
EndProject
Global
	GlobalSection(SolutionConfigurationPlatforms) = preSolution
		Debug|Any CPU = Debug|Any CPU
		Release|Any CPU = Release|Any CPU
	EndGlobalSection
	GlobalSection(ProjectConfigurationPlatforms) = postSolution
		{53662135-A06F-4E35-B284-C3212D88254B}.Debug|Any CPU.ActiveCfg = Debug|Any CPU
		{53662135-A06F-4E35-B284-C3212D88254B}.Debug|Any CPU.Build.0 = Debug|Any CPU
		{53662135-A06F-4E35-B284-C3212D88254B}.Release|Any CPU.ActiveCfg = Release|Any CPU
		{53662135-A06F-4E35-B284-C3212D88254B}.Release|Any CPU.Build.0 = Release|Any CPU
	EndGlobalSection
EndGlobal
